// !$*UTF8*$!
{
	archiveVersion = 1;
	classes = {
	};
	objectVersion = 50;
	objects = {

/* Begin PBXBuildFile section */
		47C33F7FDE2FEA21758780AF /* Pods_BCHTornado.framework in Frameworks */ = {isa = PBXBuildFile; fileRef = B03B90661507999D3A419451 /* Pods_BCHTornado.framework */; };
		74F6FF6985F294B1A938BF97 /* Pods_BCHTornadoUITests.framework in Frameworks */ = {isa = PBXBuildFile; fileRef = 090CB8C3933F53255B421778 /* Pods_BCHTornadoUITests.framework */; };
		C8E807A8210318FA0029C83C /* AppDelegate.swift in Sources */ = {isa = PBXBuildFile; fileRef = C8E807A7210318FA0029C83C /* AppDelegate.swift */; };
		C8E807AA210318FA0029C83C /* ViewController.swift in Sources */ = {isa = PBXBuildFile; fileRef = C8E807A9210318FA0029C83C /* ViewController.swift */; };
		C8E807AD210318FA0029C83C /* Main.storyboard in Resources */ = {isa = PBXBuildFile; fileRef = C8E807AB210318FA0029C83C /* Main.storyboard */; };
		C8E807AF210318FC0029C83C /* Assets.xcassets in Resources */ = {isa = PBXBuildFile; fileRef = C8E807AE210318FC0029C83C /* Assets.xcassets */; };
		C8E807B2210318FC0029C83C /* LaunchScreen.storyboard in Resources */ = {isa = PBXBuildFile; fileRef = C8E807B0210318FC0029C83C /* LaunchScreen.storyboard */; };
		C8E807BD210318FC0029C83C /* BCHTornadoTests.swift in Sources */ = {isa = PBXBuildFile; fileRef = C8E807BC210318FC0029C83C /* BCHTornadoTests.swift */; };
		C8E807C8210318FC0029C83C /* BCHTornadoUITests.swift in Sources */ = {isa = PBXBuildFile; fileRef = C8E807C7210318FC0029C83C /* BCHTornadoUITests.swift */; };
		C8E807DC21031D860029C83C /* CoreBitcoin.framework in Frameworks */ = {isa = PBXBuildFile; fileRef = C8E807DB21031D860029C83C /* CoreBitcoin.framework */; };
		C8E807DE21031E530029C83C /* AVFoundation.framework in Frameworks */ = {isa = PBXBuildFile; fileRef = C8E807DD21031E530029C83C /* AVFoundation.framework */; };
		C8E807E3210325BE0029C83C /* ReceiveViewController.swift in Sources */ = {isa = PBXBuildFile; fileRef = C8E807E2210325BE0029C83C /* ReceiveViewController.swift */; };
		C8E807E5210326180029C83C /* AddressInfoTableCell.swift in Sources */ = {isa = PBXBuildFile; fileRef = C8E807E4210326180029C83C /* AddressInfoTableCell.swift */; };
		C8E807EF210338410029C83C /* Json.swift in Sources */ = {isa = PBXBuildFile; fileRef = C8E807E8210338410029C83C /* Json.swift */; };
		C8E807F1210338410029C83C /* TornadoAPI.swift in Sources */ = {isa = PBXBuildFile; fileRef = C8E807EA210338410029C83C /* TornadoAPI.swift */; };
		C8E807F2210338410029C83C /* TornadoApiManager+Reactive.swift in Sources */ = {isa = PBXBuildFile; fileRef = C8E807EB210338410029C83C /* TornadoApiManager+Reactive.swift */; };
		C8E807F4210338410029C83C /* TornadoManager.swift in Sources */ = {isa = PBXBuildFile; fileRef = C8E807ED210338410029C83C /* TornadoManager.swift */; };
		C8E807F621034C370029C83C /* JESONDecoder+Extension.swift in Sources */ = {isa = PBXBuildFile; fileRef = C8E807F521034C370029C83C /* JESONDecoder+Extension.swift */; };
		CF2EC0E8D69B071360EE4F07 /* Pods_BCHTornadoTests.framework in Frameworks */ = {isa = PBXBuildFile; fileRef = 7495BDBDD7A09B0D228256E3 /* Pods_BCHTornadoTests.framework */; };
/* End PBXBuildFile section */

/* Begin PBXContainerItemProxy section */
		C8E807B9210318FC0029C83C /* PBXContainerItemProxy */ = {
			isa = PBXContainerItemProxy;
			containerPortal = C8E8079C210318FA0029C83C /* Project object */;
			proxyType = 1;
			remoteGlobalIDString = C8E807A3210318FA0029C83C;
			remoteInfo = BCHTornado;
		};
		C8E807C4210318FC0029C83C /* PBXContainerItemProxy */ = {
			isa = PBXContainerItemProxy;
			containerPortal = C8E8079C210318FA0029C83C /* Project object */;
			proxyType = 1;
			remoteGlobalIDString = C8E807A3210318FA0029C83C;
			remoteInfo = BCHTornado;
		};
/* End PBXContainerItemProxy section */

/* Begin PBXFileReference section */
		090CB8C3933F53255B421778 /* Pods_BCHTornadoUITests.framework */ = {isa = PBXFileReference; explicitFileType = wrapper.framework; includeInIndex = 0; path = Pods_BCHTornadoUITests.framework; sourceTree = BUILT_PRODUCTS_DIR; };
		2BC3BC1F49FBDDA2C6F844D3 /* Pods-BCHTornadoUITests.debug.xcconfig */ = {isa = PBXFileReference; includeInIndex = 1; lastKnownFileType = text.xcconfig; name = "Pods-BCHTornadoUITests.debug.xcconfig"; path = "Pods/Target Support Files/Pods-BCHTornadoUITests/Pods-BCHTornadoUITests.debug.xcconfig"; sourceTree = "<group>"; };
		2C4160CB41FEFA2E9036F6DC /* Pods-BCHTornadoTests.debug.xcconfig */ = {isa = PBXFileReference; includeInIndex = 1; lastKnownFileType = text.xcconfig; name = "Pods-BCHTornadoTests.debug.xcconfig"; path = "Pods/Target Support Files/Pods-BCHTornadoTests/Pods-BCHTornadoTests.debug.xcconfig"; sourceTree = "<group>"; };
		740C8BFED169A30DEC7C2F90 /* Pods-BCHTornadoTests.release.xcconfig */ = {isa = PBXFileReference; includeInIndex = 1; lastKnownFileType = text.xcconfig; name = "Pods-BCHTornadoTests.release.xcconfig"; path = "Pods/Target Support Files/Pods-BCHTornadoTests/Pods-BCHTornadoTests.release.xcconfig"; sourceTree = "<group>"; };
		7495BDBDD7A09B0D228256E3 /* Pods_BCHTornadoTests.framework */ = {isa = PBXFileReference; explicitFileType = wrapper.framework; includeInIndex = 0; path = Pods_BCHTornadoTests.framework; sourceTree = BUILT_PRODUCTS_DIR; };
		A4CF17BA711F409250F47E14 /* Pods-BCHTornado.debug.xcconfig */ = {isa = PBXFileReference; includeInIndex = 1; lastKnownFileType = text.xcconfig; name = "Pods-BCHTornado.debug.xcconfig"; path = "Pods/Target Support Files/Pods-BCHTornado/Pods-BCHTornado.debug.xcconfig"; sourceTree = "<group>"; };
		B03B90661507999D3A419451 /* Pods_BCHTornado.framework */ = {isa = PBXFileReference; explicitFileType = wrapper.framework; includeInIndex = 0; path = Pods_BCHTornado.framework; sourceTree = BUILT_PRODUCTS_DIR; };
		C8E807A4210318FA0029C83C /* BCHTornado.app */ = {isa = PBXFileReference; explicitFileType = wrapper.application; includeInIndex = 0; path = BCHTornado.app; sourceTree = BUILT_PRODUCTS_DIR; };
		C8E807A7210318FA0029C83C /* AppDelegate.swift */ = {isa = PBXFileReference; lastKnownFileType = sourcecode.swift; path = AppDelegate.swift; sourceTree = "<group>"; };
		C8E807A9210318FA0029C83C /* ViewController.swift */ = {isa = PBXFileReference; lastKnownFileType = sourcecode.swift; path = ViewController.swift; sourceTree = "<group>"; };
		C8E807AC210318FA0029C83C /* Base */ = {isa = PBXFileReference; lastKnownFileType = file.storyboard; name = Base; path = Base.lproj/Main.storyboard; sourceTree = "<group>"; };
		C8E807AE210318FC0029C83C /* Assets.xcassets */ = {isa = PBXFileReference; lastKnownFileType = folder.assetcatalog; path = Assets.xcassets; sourceTree = "<group>"; };
		C8E807B1210318FC0029C83C /* Base */ = {isa = PBXFileReference; lastKnownFileType = file.storyboard; name = Base; path = Base.lproj/LaunchScreen.storyboard; sourceTree = "<group>"; };
		C8E807B3210318FC0029C83C /* Info.plist */ = {isa = PBXFileReference; lastKnownFileType = text.plist.xml; path = Info.plist; sourceTree = "<group>"; };
		C8E807B8210318FC0029C83C /* BCHTornadoTests.xctest */ = {isa = PBXFileReference; explicitFileType = wrapper.cfbundle; includeInIndex = 0; path = BCHTornadoTests.xctest; sourceTree = BUILT_PRODUCTS_DIR; };
		C8E807BC210318FC0029C83C /* BCHTornadoTests.swift */ = {isa = PBXFileReference; lastKnownFileType = sourcecode.swift; path = BCHTornadoTests.swift; sourceTree = "<group>"; };
		C8E807BE210318FC0029C83C /* Info.plist */ = {isa = PBXFileReference; lastKnownFileType = text.plist.xml; path = Info.plist; sourceTree = "<group>"; };
		C8E807C3210318FC0029C83C /* BCHTornadoUITests.xctest */ = {isa = PBXFileReference; explicitFileType = wrapper.cfbundle; includeInIndex = 0; path = BCHTornadoUITests.xctest; sourceTree = BUILT_PRODUCTS_DIR; };
		C8E807C7210318FC0029C83C /* BCHTornadoUITests.swift */ = {isa = PBXFileReference; lastKnownFileType = sourcecode.swift; path = BCHTornadoUITests.swift; sourceTree = "<group>"; };
		C8E807C9210318FC0029C83C /* Info.plist */ = {isa = PBXFileReference; lastKnownFileType = text.plist.xml; path = Info.plist; sourceTree = "<group>"; };
		C8E807D721031C540029C83C /* BCHTornado-Bridging-Header.h */ = {isa = PBXFileReference; lastKnownFileType = sourcecode.c.h; path = "BCHTornado-Bridging-Header.h"; sourceTree = "<group>"; };
		C8E807DB21031D860029C83C /* CoreBitcoin.framework */ = {isa = PBXFileReference; lastKnownFileType = wrapper.framework; path = CoreBitcoin.framework; sourceTree = "<group>"; };
		C8E807DD21031E530029C83C /* AVFoundation.framework */ = {isa = PBXFileReference; lastKnownFileType = wrapper.framework; name = AVFoundation.framework; path = System/Library/Frameworks/AVFoundation.framework; sourceTree = SDKROOT; };
		C8E807E2210325BE0029C83C /* ReceiveViewController.swift */ = {isa = PBXFileReference; lastKnownFileType = sourcecode.swift; path = ReceiveViewController.swift; sourceTree = "<group>"; };
		C8E807E4210326180029C83C /* AddressInfoTableCell.swift */ = {isa = PBXFileReference; lastKnownFileType = sourcecode.swift; path = AddressInfoTableCell.swift; sourceTree = "<group>"; };
		C8E807E8210338410029C83C /* Json.swift */ = {isa = PBXFileReference; fileEncoding = 4; lastKnownFileType = sourcecode.swift; path = Json.swift; sourceTree = "<group>"; };
		C8E807EA210338410029C83C /* TornadoAPI.swift */ = {isa = PBXFileReference; fileEncoding = 4; lastKnownFileType = sourcecode.swift; path = TornadoAPI.swift; sourceTree = "<group>"; };
		C8E807EB210338410029C83C /* TornadoApiManager+Reactive.swift */ = {isa = PBXFileReference; fileEncoding = 4; lastKnownFileType = sourcecode.swift; path = "TornadoApiManager+Reactive.swift"; sourceTree = "<group>"; };
		C8E807ED210338410029C83C /* TornadoManager.swift */ = {isa = PBXFileReference; fileEncoding = 4; lastKnownFileType = sourcecode.swift; path = TornadoManager.swift; sourceTree = "<group>"; };
		C8E807F521034C370029C83C /* JESONDecoder+Extension.swift */ = {isa = PBXFileReference; fileEncoding = 4; lastKnownFileType = sourcecode.swift; path = "JESONDecoder+Extension.swift"; sourceTree = "<group>"; };
		EE0F02AC04E3A469DAE166EC /* Pods-BCHTornado.release.xcconfig */ = {isa = PBXFileReference; includeInIndex = 1; lastKnownFileType = text.xcconfig; name = "Pods-BCHTornado.release.xcconfig"; path = "Pods/Target Support Files/Pods-BCHTornado/Pods-BCHTornado.release.xcconfig"; sourceTree = "<group>"; };
		FC7D4F0AA147A903532DF18E /* Pods-BCHTornadoUITests.release.xcconfig */ = {isa = PBXFileReference; includeInIndex = 1; lastKnownFileType = text.xcconfig; name = "Pods-BCHTornadoUITests.release.xcconfig"; path = "Pods/Target Support Files/Pods-BCHTornadoUITests/Pods-BCHTornadoUITests.release.xcconfig"; sourceTree = "<group>"; };
/* End PBXFileReference section */

/* Begin PBXFrameworksBuildPhase section */
		C8E807A1210318FA0029C83C /* Frameworks */ = {
			isa = PBXFrameworksBuildPhase;
			buildActionMask = 2147483647;
			files = (
				C8E807DE21031E530029C83C /* AVFoundation.framework in Frameworks */,
				C8E807DC21031D860029C83C /* CoreBitcoin.framework in Frameworks */,
				47C33F7FDE2FEA21758780AF /* Pods_BCHTornado.framework in Frameworks */,
			);
			runOnlyForDeploymentPostprocessing = 0;
		};
		C8E807B5210318FC0029C83C /* Frameworks */ = {
			isa = PBXFrameworksBuildPhase;
			buildActionMask = 2147483647;
			files = (
				CF2EC0E8D69B071360EE4F07 /* Pods_BCHTornadoTests.framework in Frameworks */,
			);
			runOnlyForDeploymentPostprocessing = 0;
		};
		C8E807C0210318FC0029C83C /* Frameworks */ = {
			isa = PBXFrameworksBuildPhase;
			buildActionMask = 2147483647;
			files = (
				74F6FF6985F294B1A938BF97 /* Pods_BCHTornadoUITests.framework in Frameworks */,
			);
			runOnlyForDeploymentPostprocessing = 0;
		};
/* End PBXFrameworksBuildPhase section */

/* Begin PBXGroup section */
		3B17975F5616A74ACE99613F /* Pods */ = {
			isa = PBXGroup;
			children = (
				A4CF17BA711F409250F47E14 /* Pods-BCHTornado.debug.xcconfig */,
				EE0F02AC04E3A469DAE166EC /* Pods-BCHTornado.release.xcconfig */,
				2C4160CB41FEFA2E9036F6DC /* Pods-BCHTornadoTests.debug.xcconfig */,
				740C8BFED169A30DEC7C2F90 /* Pods-BCHTornadoTests.release.xcconfig */,
				2BC3BC1F49FBDDA2C6F844D3 /* Pods-BCHTornadoUITests.debug.xcconfig */,
				FC7D4F0AA147A903532DF18E /* Pods-BCHTornadoUITests.release.xcconfig */,
			);
			name = Pods;
			sourceTree = "<group>";
		};
		79D4C00F238A4C259EB0EF1F /* Frameworks */ = {
			isa = PBXGroup;
			children = (
				C8E807DD21031E530029C83C /* AVFoundation.framework */,
				C8E807DB21031D860029C83C /* CoreBitcoin.framework */,
				B03B90661507999D3A419451 /* Pods_BCHTornado.framework */,
				7495BDBDD7A09B0D228256E3 /* Pods_BCHTornadoTests.framework */,
				090CB8C3933F53255B421778 /* Pods_BCHTornadoUITests.framework */,
			);
			name = Frameworks;
			sourceTree = "<group>";
		};
		C8E8079B210318FA0029C83C = {
			isa = PBXGroup;
			children = (
				C8E807A6210318FA0029C83C /* BCHTornado */,
				C8E807BB210318FC0029C83C /* BCHTornadoTests */,
				C8E807C6210318FC0029C83C /* BCHTornadoUITests */,
				C8E807A5210318FA0029C83C /* Products */,
				3B17975F5616A74ACE99613F /* Pods */,
				79D4C00F238A4C259EB0EF1F /* Frameworks */,
			);
			sourceTree = "<group>";
		};
		C8E807A5210318FA0029C83C /* Products */ = {
			isa = PBXGroup;
			children = (
				C8E807A4210318FA0029C83C /* BCHTornado.app */,
				C8E807B8210318FC0029C83C /* BCHTornadoTests.xctest */,
				C8E807C3210318FC0029C83C /* BCHTornadoUITests.xctest */,
			);
			name = Products;
			sourceTree = "<group>";
		};
		C8E807A6210318FA0029C83C /* BCHTornado */ = {
			isa = PBXGroup;
			children = (
				C8E807A7210318FA0029C83C /* AppDelegate.swift */,
				C8E807A9210318FA0029C83C /* ViewController.swift */,
				C8E807E2210325BE0029C83C /* ReceiveViewController.swift */,
				C8E807E4210326180029C83C /* AddressInfoTableCell.swift */,
				C8E807AB210318FA0029C83C /* Main.storyboard */,
				C8E807E6210338410029C83C /* ApiManager */,
				C8E807AE210318FC0029C83C /* Assets.xcassets */,
				C8E807B0210318FC0029C83C /* LaunchScreen.storyboard */,
				C8E807B3210318FC0029C83C /* Info.plist */,
				C8E807D721031C540029C83C /* BCHTornado-Bridging-Header.h */,
			);
			path = BCHTornado;
			sourceTree = "<group>";
		};
		C8E807BB210318FC0029C83C /* BCHTornadoTests */ = {
			isa = PBXGroup;
			children = (
				C8E807BC210318FC0029C83C /* BCHTornadoTests.swift */,
				C8E807BE210318FC0029C83C /* Info.plist */,
			);
			path = BCHTornadoTests;
			sourceTree = "<group>";
		};
		C8E807C6210318FC0029C83C /* BCHTornadoUITests */ = {
			isa = PBXGroup;
			children = (
				C8E807C7210318FC0029C83C /* BCHTornadoUITests.swift */,
				C8E807C9210318FC0029C83C /* Info.plist */,
			);
			path = BCHTornadoUITests;
			sourceTree = "<group>";
		};
		C8E807E6210338410029C83C /* ApiManager */ = {
			isa = PBXGroup;
			children = (
				C8E807E8210338410029C83C /* Json.swift */,
				C8E807EA210338410029C83C /* TornadoAPI.swift */,
				C8E807EB210338410029C83C /* TornadoApiManager+Reactive.swift */,
				C8E807ED210338410029C83C /* TornadoManager.swift */,
				C8E807F521034C370029C83C /* JESONDecoder+Extension.swift */,
			);
			path = ApiManager;
			sourceTree = "<group>";
		};
/* End PBXGroup section */

/* Begin PBXNativeTarget section */
		C8E807A3210318FA0029C83C /* BCHTornado */ = {
			isa = PBXNativeTarget;
			buildConfigurationList = C8E807CC210318FC0029C83C /* Build configuration list for PBXNativeTarget "BCHTornado" */;
			buildPhases = (
				AEB42FE4137208DF8E3A4C6A /* [CP] Check Pods Manifest.lock */,
				C8E807A0210318FA0029C83C /* Sources */,
				C8E807A1210318FA0029C83C /* Frameworks */,
				C8E807A2210318FA0029C83C /* Resources */,
				A7D686766366C688DC2CB962 /* [CP] Embed Pods Frameworks */,
				1A0059DCA7B9BEA3498F05A9 /* [CP] Copy Pods Resources */,
			);
			buildRules = (
			);
			dependencies = (
			);
			name = BCHTornado;
			productName = BCHTornado;
			productReference = C8E807A4210318FA0029C83C /* BCHTornado.app */;
			productType = "com.apple.product-type.application";
		};
		C8E807B7210318FC0029C83C /* BCHTornadoTests */ = {
			isa = PBXNativeTarget;
			buildConfigurationList = C8E807CF210318FC0029C83C /* Build configuration list for PBXNativeTarget "BCHTornadoTests" */;
			buildPhases = (
				8C812CB8D5A079E2C4C29171 /* [CP] Check Pods Manifest.lock */,
				C8E807B4210318FC0029C83C /* Sources */,
				C8E807B5210318FC0029C83C /* Frameworks */,
				C8E807B6210318FC0029C83C /* Resources */,
				B9A012D5AB56D7AC827BC12F /* [CP] Embed Pods Frameworks */,
				A8AE12F4851514E343669D78 /* [CP] Copy Pods Resources */,
			);
			buildRules = (
			);
			dependencies = (
				C8E807BA210318FC0029C83C /* PBXTargetDependency */,
			);
			name = BCHTornadoTests;
			productName = BCHTornadoTests;
			productReference = C8E807B8210318FC0029C83C /* BCHTornadoTests.xctest */;
			productType = "com.apple.product-type.bundle.unit-test";
		};
		C8E807C2210318FC0029C83C /* BCHTornadoUITests */ = {
			isa = PBXNativeTarget;
			buildConfigurationList = C8E807D2210318FC0029C83C /* Build configuration list for PBXNativeTarget "BCHTornadoUITests" */;
			buildPhases = (
				9B46CAFC2869DEB829ACB5A2 /* [CP] Check Pods Manifest.lock */,
				C8E807BF210318FC0029C83C /* Sources */,
				C8E807C0210318FC0029C83C /* Frameworks */,
				C8E807C1210318FC0029C83C /* Resources */,
				37F8951D7D12C2346FEFAD77 /* [CP] Embed Pods Frameworks */,
				17C7860F4297B18022D398BC /* [CP] Copy Pods Resources */,
			);
			buildRules = (
			);
			dependencies = (
				C8E807C5210318FC0029C83C /* PBXTargetDependency */,
			);
			name = BCHTornadoUITests;
			productName = BCHTornadoUITests;
			productReference = C8E807C3210318FC0029C83C /* BCHTornadoUITests.xctest */;
			productType = "com.apple.product-type.bundle.ui-testing";
		};
/* End PBXNativeTarget section */

/* Begin PBXProject section */
		C8E8079C210318FA0029C83C /* Project object */ = {
			isa = PBXProject;
			attributes = {
				LastSwiftUpdateCheck = 0940;
				LastUpgradeCheck = 0940;
				ORGANIZATIONNAME = hufubit;
				TargetAttributes = {
					C8E807A3210318FA0029C83C = {
						CreatedOnToolsVersion = 9.4.1;
						LastSwiftMigration = 0940;
					};
					C8E807B7210318FC0029C83C = {
						CreatedOnToolsVersion = 9.4.1;
						TestTargetID = C8E807A3210318FA0029C83C;
					};
					C8E807C2210318FC0029C83C = {
						CreatedOnToolsVersion = 9.4.1;
						TestTargetID = C8E807A3210318FA0029C83C;
					};
				};
			};
			buildConfigurationList = C8E8079F210318FA0029C83C /* Build configuration list for PBXProject "BCHTornado" */;
			compatibilityVersion = "Xcode 9.3";
			developmentRegion = en;
			hasScannedForEncodings = 0;
			knownRegions = (
				en,
				Base,
			);
			mainGroup = C8E8079B210318FA0029C83C;
			productRefGroup = C8E807A5210318FA0029C83C /* Products */;
			projectDirPath = "";
			projectRoot = "";
			targets = (
				C8E807A3210318FA0029C83C /* BCHTornado */,
				C8E807B7210318FC0029C83C /* BCHTornadoTests */,
				C8E807C2210318FC0029C83C /* BCHTornadoUITests */,
			);
		};
/* End PBXProject section */

/* Begin PBXResourcesBuildPhase section */
		C8E807A2210318FA0029C83C /* Resources */ = {
			isa = PBXResourcesBuildPhase;
			buildActionMask = 2147483647;
			files = (
				C8E807B2210318FC0029C83C /* LaunchScreen.storyboard in Resources */,
				C8E807AF210318FC0029C83C /* Assets.xcassets in Resources */,
				C8E807AD210318FA0029C83C /* Main.storyboard in Resources */,
			);
			runOnlyForDeploymentPostprocessing = 0;
		};
		C8E807B6210318FC0029C83C /* Resources */ = {
			isa = PBXResourcesBuildPhase;
			buildActionMask = 2147483647;
			files = (
			);
			runOnlyForDeploymentPostprocessing = 0;
		};
		C8E807C1210318FC0029C83C /* Resources */ = {
			isa = PBXResourcesBuildPhase;
			buildActionMask = 2147483647;
			files = (
			);
			runOnlyForDeploymentPostprocessing = 0;
		};
/* End PBXResourcesBuildPhase section */

/* Begin PBXShellScriptBuildPhase section */
		17C7860F4297B18022D398BC /* [CP] Copy Pods Resources */ = {
			isa = PBXShellScriptBuildPhase;
			buildActionMask = 2147483647;
			files = (
			);
			inputPaths = (
			);
			name = "[CP] Copy Pods Resources";
			outputPaths = (
			);
			runOnlyForDeploymentPostprocessing = 0;
			shellPath = /bin/sh;
			shellScript = "\"${SRCROOT}/Pods/Target Support Files/Pods-BCHTornadoUITests/Pods-BCHTornadoUITests-resources.sh\"\n";
			showEnvVarsInLog = 0;
		};
		1A0059DCA7B9BEA3498F05A9 /* [CP] Copy Pods Resources */ = {
			isa = PBXShellScriptBuildPhase;
			buildActionMask = 2147483647;
			files = (
			);
			inputPaths = (
			);
			name = "[CP] Copy Pods Resources";
			outputPaths = (
			);
			runOnlyForDeploymentPostprocessing = 0;
			shellPath = /bin/sh;
			shellScript = "\"${SRCROOT}/Pods/Target Support Files/Pods-BCHTornado/Pods-BCHTornado-resources.sh\"\n";
			showEnvVarsInLog = 0;
		};
		37F8951D7D12C2346FEFAD77 /* [CP] Embed Pods Frameworks */ = {
			isa = PBXShellScriptBuildPhase;
			buildActionMask = 2147483647;
			files = (
			);
			inputPaths = (
			);
			name = "[CP] Embed Pods Frameworks";
			outputPaths = (
			);
			runOnlyForDeploymentPostprocessing = 0;
			shellPath = /bin/sh;
			shellScript = "\"${SRCROOT}/Pods/Target Support Files/Pods-BCHTornadoUITests/Pods-BCHTornadoUITests-frameworks.sh\"\n";
			showEnvVarsInLog = 0;
		};
		8C812CB8D5A079E2C4C29171 /* [CP] Check Pods Manifest.lock */ = {
			isa = PBXShellScriptBuildPhase;
			buildActionMask = 2147483647;
			files = (
			);
			inputPaths = (
				"${PODS_PODFILE_DIR_PATH}/Podfile.lock",
				"${PODS_ROOT}/Manifest.lock",
			);
			name = "[CP] Check Pods Manifest.lock";
			outputPaths = (
				"$(DERIVED_FILE_DIR)/Pods-BCHTornadoTests-checkManifestLockResult.txt",
			);
			runOnlyForDeploymentPostprocessing = 0;
			shellPath = /bin/sh;
			shellScript = "diff \"${PODS_PODFILE_DIR_PATH}/Podfile.lock\" \"${PODS_ROOT}/Manifest.lock\" > /dev/null\nif [ $? != 0 ] ; then\n    # print error to STDERR\n    echo \"error: The sandbox is not in sync with the Podfile.lock. Run 'pod install' or update your CocoaPods installation.\" >&2\n    exit 1\nfi\n# This output is used by Xcode 'outputs' to avoid re-running this script phase.\necho \"SUCCESS\" > \"${SCRIPT_OUTPUT_FILE_0}\"\n";
			showEnvVarsInLog = 0;
		};
		9B46CAFC2869DEB829ACB5A2 /* [CP] Check Pods Manifest.lock */ = {
			isa = PBXShellScriptBuildPhase;
			buildActionMask = 2147483647;
			files = (
			);
			inputPaths = (
				"${PODS_PODFILE_DIR_PATH}/Podfile.lock",
				"${PODS_ROOT}/Manifest.lock",
			);
			name = "[CP] Check Pods Manifest.lock";
			outputPaths = (
				"$(DERIVED_FILE_DIR)/Pods-BCHTornadoUITests-checkManifestLockResult.txt",
			);
			runOnlyForDeploymentPostprocessing = 0;
			shellPath = /bin/sh;
			shellScript = "diff \"${PODS_PODFILE_DIR_PATH}/Podfile.lock\" \"${PODS_ROOT}/Manifest.lock\" > /dev/null\nif [ $? != 0 ] ; then\n    # print error to STDERR\n    echo \"error: The sandbox is not in sync with the Podfile.lock. Run 'pod install' or update your CocoaPods installation.\" >&2\n    exit 1\nfi\n# This output is used by Xcode 'outputs' to avoid re-running this script phase.\necho \"SUCCESS\" > \"${SCRIPT_OUTPUT_FILE_0}\"\n";
			showEnvVarsInLog = 0;
		};
		A7D686766366C688DC2CB962 /* [CP] Embed Pods Frameworks */ = {
			isa = PBXShellScriptBuildPhase;
			buildActionMask = 2147483647;
			files = (
			);
			inputPaths = (
				"${SRCROOT}/Pods/Target Support Files/Pods-BCHTornado/Pods-BCHTornado-frameworks.sh",
				"${BUILT_PRODUCTS_DIR}/Action/Action.framework",
				"${BUILT_PRODUCTS_DIR}/Alamofire/Alamofire.framework",
				"${BUILT_PRODUCTS_DIR}/BigInt/BigInt.framework",
				"${BUILT_PRODUCTS_DIR}/CryptoSwift/CryptoSwift.framework",
				"${BUILT_PRODUCTS_DIR}/DeviceKit/DeviceKit.framework",
				"${BUILT_PRODUCTS_DIR}/IQKeyboardManagerSwift/IQKeyboardManagerSwift.framework",
				"${BUILT_PRODUCTS_DIR}/KeychainSwift/KeychainSwift.framework",
				"${BUILT_PRODUCTS_DIR}/Moya/Moya.framework",
				"${BUILT_PRODUCTS_DIR}/PKHUD/PKHUD.framework",
				"${BUILT_PRODUCTS_DIR}/Result/Result.framework",
				"${PODS_ROOT}/Reveal-SDK/RevealServer-4/iOS/RevealServer.framework",
				"${BUILT_PRODUCTS_DIR}/RxCocoa/RxCocoa.framework",
				"${BUILT_PRODUCTS_DIR}/RxSwift/RxSwift.framework",
				"${BUILT_PRODUCTS_DIR}/SipHash/SipHash.framework",
				"${BUILT_PRODUCTS_DIR}/SnapKit/SnapKit.framework",
				"${BUILT_PRODUCTS_DIR}/SwifterSwift/SwifterSwift.framework",
				"${BUILT_PRODUCTS_DIR}/TextFieldEffects/TextFieldEffects.framework",
				"${BUILT_PRODUCTS_DIR}/TrezorCrypto/TrezorCrypto.framework",
				"${BUILT_PRODUCTS_DIR}/pop/pop.framework",
			);
			name = "[CP] Embed Pods Frameworks";
			outputPaths = (
				"${TARGET_BUILD_DIR}/${FRAMEWORKS_FOLDER_PATH}/Action.framework",
				"${TARGET_BUILD_DIR}/${FRAMEWORKS_FOLDER_PATH}/Alamofire.framework",
				"${TARGET_BUILD_DIR}/${FRAMEWORKS_FOLDER_PATH}/BigInt.framework",
				"${TARGET_BUILD_DIR}/${FRAMEWORKS_FOLDER_PATH}/CryptoSwift.framework",
				"${TARGET_BUILD_DIR}/${FRAMEWORKS_FOLDER_PATH}/DeviceKit.framework",
				"${TARGET_BUILD_DIR}/${FRAMEWORKS_FOLDER_PATH}/IQKeyboardManagerSwift.framework",
				"${TARGET_BUILD_DIR}/${FRAMEWORKS_FOLDER_PATH}/KeychainSwift.framework",
				"${TARGET_BUILD_DIR}/${FRAMEWORKS_FOLDER_PATH}/Moya.framework",
				"${TARGET_BUILD_DIR}/${FRAMEWORKS_FOLDER_PATH}/PKHUD.framework",
				"${TARGET_BUILD_DIR}/${FRAMEWORKS_FOLDER_PATH}/Result.framework",
				"${TARGET_BUILD_DIR}/${FRAMEWORKS_FOLDER_PATH}/RevealServer.framework",
				"${TARGET_BUILD_DIR}/${FRAMEWORKS_FOLDER_PATH}/RxCocoa.framework",
				"${TARGET_BUILD_DIR}/${FRAMEWORKS_FOLDER_PATH}/RxSwift.framework",
				"${TARGET_BUILD_DIR}/${FRAMEWORKS_FOLDER_PATH}/SipHash.framework",
				"${TARGET_BUILD_DIR}/${FRAMEWORKS_FOLDER_PATH}/SnapKit.framework",
				"${TARGET_BUILD_DIR}/${FRAMEWORKS_FOLDER_PATH}/SwifterSwift.framework",
				"${TARGET_BUILD_DIR}/${FRAMEWORKS_FOLDER_PATH}/TextFieldEffects.framework",
				"${TARGET_BUILD_DIR}/${FRAMEWORKS_FOLDER_PATH}/TrezorCrypto.framework",
				"${TARGET_BUILD_DIR}/${FRAMEWORKS_FOLDER_PATH}/pop.framework",
			);
			runOnlyForDeploymentPostprocessing = 0;
			shellPath = /bin/sh;
			shellScript = "\"${SRCROOT}/Pods/Target Support Files/Pods-BCHTornado/Pods-BCHTornado-frameworks.sh\"\n";
			showEnvVarsInLog = 0;
		};
		A8AE12F4851514E343669D78 /* [CP] Copy Pods Resources */ = {
			isa = PBXShellScriptBuildPhase;
			buildActionMask = 2147483647;
			files = (
			);
			inputPaths = (
			);
			name = "[CP] Copy Pods Resources";
			outputPaths = (
			);
			runOnlyForDeploymentPostprocessing = 0;
			shellPath = /bin/sh;
			shellScript = "\"${SRCROOT}/Pods/Target Support Files/Pods-BCHTornadoTests/Pods-BCHTornadoTests-resources.sh\"\n";
			showEnvVarsInLog = 0;
		};
		AEB42FE4137208DF8E3A4C6A /* [CP] Check Pods Manifest.lock */ = {
			isa = PBXShellScriptBuildPhase;
			buildActionMask = 2147483647;
			files = (
			);
			inputPaths = (
				"${PODS_PODFILE_DIR_PATH}/Podfile.lock",
				"${PODS_ROOT}/Manifest.lock",
			);
			name = "[CP] Check Pods Manifest.lock";
			outputPaths = (
				"$(DERIVED_FILE_DIR)/Pods-BCHTornado-checkManifestLockResult.txt",
			);
			runOnlyForDeploymentPostprocessing = 0;
			shellPath = /bin/sh;
			shellScript = "diff \"${PODS_PODFILE_DIR_PATH}/Podfile.lock\" \"${PODS_ROOT}/Manifest.lock\" > /dev/null\nif [ $? != 0 ] ; then\n    # print error to STDERR\n    echo \"error: The sandbox is not in sync with the Podfile.lock. Run 'pod install' or update your CocoaPods installation.\" >&2\n    exit 1\nfi\n# This output is used by Xcode 'outputs' to avoid re-running this script phase.\necho \"SUCCESS\" > \"${SCRIPT_OUTPUT_FILE_0}\"\n";
			showEnvVarsInLog = 0;
		};
		B9A012D5AB56D7AC827BC12F /* [CP] Embed Pods Frameworks */ = {
			isa = PBXShellScriptBuildPhase;
			buildActionMask = 2147483647;
			files = (
			);
			inputPaths = (
			);
			name = "[CP] Embed Pods Frameworks";
			outputPaths = (
			);
			runOnlyForDeploymentPostprocessing = 0;
			shellPath = /bin/sh;
			shellScript = "\"${SRCROOT}/Pods/Target Support Files/Pods-BCHTornadoTests/Pods-BCHTornadoTests-frameworks.sh\"\n";
			showEnvVarsInLog = 0;
		};
/* End PBXShellScriptBuildPhase section */

/* Begin PBXSourcesBuildPhase section */
		C8E807A0210318FA0029C83C /* Sources */ = {
			isa = PBXSourcesBuildPhase;
			buildActionMask = 2147483647;
			files = (
				C8E807AA210318FA0029C83C /* ViewController.swift in Sources */,
				C8E807F2210338410029C83C /* TornadoApiManager+Reactive.swift in Sources */,
				C8E807F1210338410029C83C /* TornadoAPI.swift in Sources */,
				C8E807F621034C370029C83C /* JESONDecoder+Extension.swift in Sources */,
				C8E807E3210325BE0029C83C /* ReceiveViewController.swift in Sources */,
				C8E807EF210338410029C83C /* Json.swift in Sources */,
				C8E807A8210318FA0029C83C /* AppDelegate.swift in Sources */,
				C8E807F4210338410029C83C /* TornadoManager.swift in Sources */,
				C8E807E5210326180029C83C /* AddressInfoTableCell.swift in Sources */,
			);
			runOnlyForDeploymentPostprocessing = 0;
		};
		C8E807B4210318FC0029C83C /* Sources */ = {
			isa = PBXSourcesBuildPhase;
			buildActionMask = 2147483647;
			files = (
				C8E807BD210318FC0029C83C /* BCHTornadoTests.swift in Sources */,
			);
			runOnlyForDeploymentPostprocessing = 0;
		};
		C8E807BF210318FC0029C83C /* Sources */ = {
			isa = PBXSourcesBuildPhase;
			buildActionMask = 2147483647;
			files = (
				C8E807C8210318FC0029C83C /* BCHTornadoUITests.swift in Sources */,
			);
			runOnlyForDeploymentPostprocessing = 0;
		};
/* End PBXSourcesBuildPhase section */

/* Begin PBXTargetDependency section */
		C8E807BA210318FC0029C83C /* PBXTargetDependency */ = {
			isa = PBXTargetDependency;
			target = C8E807A3210318FA0029C83C /* BCHTornado */;
			targetProxy = C8E807B9210318FC0029C83C /* PBXContainerItemProxy */;
		};
		C8E807C5210318FC0029C83C /* PBXTargetDependency */ = {
			isa = PBXTargetDependency;
			target = C8E807A3210318FA0029C83C /* BCHTornado */;
			targetProxy = C8E807C4210318FC0029C83C /* PBXContainerItemProxy */;
		};
/* End PBXTargetDependency section */

/* Begin PBXVariantGroup section */
		C8E807AB210318FA0029C83C /* Main.storyboard */ = {
			isa = PBXVariantGroup;
			children = (
				C8E807AC210318FA0029C83C /* Base */,
			);
			name = Main.storyboard;
			sourceTree = "<group>";
		};
		C8E807B0210318FC0029C83C /* LaunchScreen.storyboard */ = {
			isa = PBXVariantGroup;
			children = (
				C8E807B1210318FC0029C83C /* Base */,
			);
			name = LaunchScreen.storyboard;
			sourceTree = "<group>";
		};
/* End PBXVariantGroup section */

/* Begin XCBuildConfiguration section */
		C8E807CA210318FC0029C83C /* Debug */ = {
			isa = XCBuildConfiguration;
			buildSettings = {
				ALWAYS_SEARCH_USER_PATHS = NO;
				CLANG_ANALYZER_NONNULL = YES;
				CLANG_ANALYZER_NUMBER_OBJECT_CONVERSION = YES_AGGRESSIVE;
				CLANG_CXX_LANGUAGE_STANDARD = "gnu++14";
				CLANG_CXX_LIBRARY = "libc++";
				CLANG_ENABLE_MODULES = YES;
				CLANG_ENABLE_OBJC_ARC = YES;
				CLANG_ENABLE_OBJC_WEAK = YES;
				CLANG_WARN_BLOCK_CAPTURE_AUTORELEASING = YES;
				CLANG_WARN_BOOL_CONVERSION = YES;
				CLANG_WARN_COMMA = YES;
				CLANG_WARN_CONSTANT_CONVERSION = YES;
				CLANG_WARN_DEPRECATED_OBJC_IMPLEMENTATIONS = YES;
				CLANG_WARN_DIRECT_OBJC_ISA_USAGE = YES_ERROR;
				CLANG_WARN_DOCUMENTATION_COMMENTS = YES;
				CLANG_WARN_EMPTY_BODY = YES;
				CLANG_WARN_ENUM_CONVERSION = YES;
				CLANG_WARN_INFINITE_RECURSION = YES;
				CLANG_WARN_INT_CONVERSION = YES;
				CLANG_WARN_NON_LITERAL_NULL_CONVERSION = YES;
				CLANG_WARN_OBJC_IMPLICIT_RETAIN_SELF = YES;
				CLANG_WARN_OBJC_LITERAL_CONVERSION = YES;
				CLANG_WARN_OBJC_ROOT_CLASS = YES_ERROR;
				CLANG_WARN_RANGE_LOOP_ANALYSIS = YES;
				CLANG_WARN_STRICT_PROTOTYPES = YES;
				CLANG_WARN_SUSPICIOUS_MOVE = YES;
				CLANG_WARN_UNGUARDED_AVAILABILITY = YES_AGGRESSIVE;
				CLANG_WARN_UNREACHABLE_CODE = YES;
				CLANG_WARN__DUPLICATE_METHOD_MATCH = YES;
				CODE_SIGN_IDENTITY = "iPhone Developer";
				COPY_PHASE_STRIP = NO;
				DEBUG_INFORMATION_FORMAT = dwarf;
				ENABLE_STRICT_OBJC_MSGSEND = YES;
				ENABLE_TESTABILITY = YES;
				GCC_C_LANGUAGE_STANDARD = gnu11;
				GCC_DYNAMIC_NO_PIC = NO;
				GCC_NO_COMMON_BLOCKS = YES;
				GCC_OPTIMIZATION_LEVEL = 0;
				GCC_PREPROCESSOR_DEFINITIONS = (
					"DEBUG=1",
					"$(inherited)",
				);
				GCC_WARN_64_TO_32_BIT_CONVERSION = YES;
				GCC_WARN_ABOUT_RETURN_TYPE = YES_ERROR;
				GCC_WARN_UNDECLARED_SELECTOR = YES;
				GCC_WARN_UNINITIALIZED_AUTOS = YES_AGGRESSIVE;
				GCC_WARN_UNUSED_FUNCTION = YES;
				GCC_WARN_UNUSED_VARIABLE = YES;
				IPHONEOS_DEPLOYMENT_TARGET = 11.4;
				MTL_ENABLE_DEBUG_INFO = YES;
				ONLY_ACTIVE_ARCH = YES;
				SDKROOT = iphoneos;
				SWIFT_ACTIVE_COMPILATION_CONDITIONS = DEBUG;
				SWIFT_OPTIMIZATION_LEVEL = "-Onone";
			};
			name = Debug;
		};
		C8E807CB210318FC0029C83C /* Release */ = {
			isa = XCBuildConfiguration;
			buildSettings = {
				ALWAYS_SEARCH_USER_PATHS = NO;
				CLANG_ANALYZER_NONNULL = YES;
				CLANG_ANALYZER_NUMBER_OBJECT_CONVERSION = YES_AGGRESSIVE;
				CLANG_CXX_LANGUAGE_STANDARD = "gnu++14";
				CLANG_CXX_LIBRARY = "libc++";
				CLANG_ENABLE_MODULES = YES;
				CLANG_ENABLE_OBJC_ARC = YES;
				CLANG_ENABLE_OBJC_WEAK = YES;
				CLANG_WARN_BLOCK_CAPTURE_AUTORELEASING = YES;
				CLANG_WARN_BOOL_CONVERSION = YES;
				CLANG_WARN_COMMA = YES;
				CLANG_WARN_CONSTANT_CONVERSION = YES;
				CLANG_WARN_DEPRECATED_OBJC_IMPLEMENTATIONS = YES;
				CLANG_WARN_DIRECT_OBJC_ISA_USAGE = YES_ERROR;
				CLANG_WARN_DOCUMENTATION_COMMENTS = YES;
				CLANG_WARN_EMPTY_BODY = YES;
				CLANG_WARN_ENUM_CONVERSION = YES;
				CLANG_WARN_INFINITE_RECURSION = YES;
				CLANG_WARN_INT_CONVERSION = YES;
				CLANG_WARN_NON_LITERAL_NULL_CONVERSION = YES;
				CLANG_WARN_OBJC_IMPLICIT_RETAIN_SELF = YES;
				CLANG_WARN_OBJC_LITERAL_CONVERSION = YES;
				CLANG_WARN_OBJC_ROOT_CLASS = YES_ERROR;
				CLANG_WARN_RANGE_LOOP_ANALYSIS = YES;
				CLANG_WARN_STRICT_PROTOTYPES = YES;
				CLANG_WARN_SUSPICIOUS_MOVE = YES;
				CLANG_WARN_UNGUARDED_AVAILABILITY = YES_AGGRESSIVE;
				CLANG_WARN_UNREACHABLE_CODE = YES;
				CLANG_WARN__DUPLICATE_METHOD_MATCH = YES;
				CODE_SIGN_IDENTITY = "iPhone Developer";
				COPY_PHASE_STRIP = NO;
				DEBUG_INFORMATION_FORMAT = "dwarf-with-dsym";
				ENABLE_NS_ASSERTIONS = NO;
				ENABLE_STRICT_OBJC_MSGSEND = YES;
				GCC_C_LANGUAGE_STANDARD = gnu11;
				GCC_NO_COMMON_BLOCKS = YES;
				GCC_WARN_64_TO_32_BIT_CONVERSION = YES;
				GCC_WARN_ABOUT_RETURN_TYPE = YES_ERROR;
				GCC_WARN_UNDECLARED_SELECTOR = YES;
				GCC_WARN_UNINITIALIZED_AUTOS = YES_AGGRESSIVE;
				GCC_WARN_UNUSED_FUNCTION = YES;
				GCC_WARN_UNUSED_VARIABLE = YES;
				IPHONEOS_DEPLOYMENT_TARGET = 11.4;
				MTL_ENABLE_DEBUG_INFO = NO;
				SDKROOT = iphoneos;
				SWIFT_COMPILATION_MODE = wholemodule;
				SWIFT_OPTIMIZATION_LEVEL = "-O";
				VALIDATE_PRODUCT = YES;
			};
			name = Release;
		};
		C8E807CD210318FC0029C83C /* Debug */ = {
			isa = XCBuildConfiguration;
			baseConfigurationReference = A4CF17BA711F409250F47E14 /* Pods-BCHTornado.debug.xcconfig */;
			buildSettings = {
				ASSETCATALOG_COMPILER_APPICON_NAME = AppIcon;
				CLANG_ENABLE_MODULES = YES;
				CODE_SIGN_STYLE = Automatic;
				DEVELOPMENT_TEAM = MCWWM3NKJ6;
				FRAMEWORK_SEARCH_PATHS = (
					"$(inherited)",
					"$(PROJECT_DIR)",
				);
				INFOPLIST_FILE = BCHTornado/Info.plist;
				LD_RUNPATH_SEARCH_PATHS = (
					"$(inherited)",
					"@executable_path/Frameworks",
				);
				PRODUCT_BUNDLE_IDENTIFIER = com.hufubit.BCHTornado;
				PRODUCT_NAME = "$(TARGET_NAME)";
				SWIFT_OBJC_BRIDGING_HEADER = "BCHTornado/BCHTornado-Bridging-Header.h";
				SWIFT_OPTIMIZATION_LEVEL = "-Onone";
				SWIFT_VERSION = 4.0;
				TARGETED_DEVICE_FAMILY = "1,2";
				USER_HEADER_SEARCH_PATHS = "\"$(SRCROOT)/CoreBitcoin.framework\"";
			};
			name = Debug;
		};
		C8E807CE210318FC0029C83C /* Release */ = {
			isa = XCBuildConfiguration;
			baseConfigurationReference = EE0F02AC04E3A469DAE166EC /* Pods-BCHTornado.release.xcconfig */;
			buildSettings = {
				ASSETCATALOG_COMPILER_APPICON_NAME = AppIcon;
				CLANG_ENABLE_MODULES = YES;
				CODE_SIGN_STYLE = Automatic;
				DEVELOPMENT_TEAM = MCWWM3NKJ6;
				FRAMEWORK_SEARCH_PATHS = (
					"$(inherited)",
					"$(PROJECT_DIR)",
				);
				INFOPLIST_FILE = BCHTornado/Info.plist;
				LD_RUNPATH_SEARCH_PATHS = (
					"$(inherited)",
					"@executable_path/Frameworks",
				);
				PRODUCT_BUNDLE_IDENTIFIER = com.hufubit.BCHTornado;
				PRODUCT_NAME = "$(TARGET_NAME)";
				SWIFT_OBJC_BRIDGING_HEADER = "BCHTornado/BCHTornado-Bridging-Header.h";
				SWIFT_VERSION = 4.0;
				TARGETED_DEVICE_FAMILY = "1,2";
				USER_HEADER_SEARCH_PATHS = "\"$(SRCROOT)/CoreBitcoin.framework\"";
			};
			name = Release;
		};
		C8E807D0210318FC0029C83C /* Debug */ = {
			isa = XCBuildConfiguration;
			baseConfigurationReference = 2C4160CB41FEFA2E9036F6DC /* Pods-BCHTornadoTests.debug.xcconfig */;
			buildSettings = {
				ALWAYS_EMBED_SWIFT_STANDARD_LIBRARIES = YES;
				BUNDLE_LOADER = "$(TEST_HOST)";
				CODE_SIGN_STYLE = Automatic;
				DEVELOPMENT_TEAM = MCWWM3NKJ6;
				INFOPLIST_FILE = BCHTornadoTests/Info.plist;
				LD_RUNPATH_SEARCH_PATHS = (
					"$(inherited)",
					"@executable_path/Frameworks",
					"@loader_path/Frameworks",
				);
				PRODUCT_BUNDLE_IDENTIFIER = com.hufubit.BCHTornadoTests;
				PRODUCT_NAME = "$(TARGET_NAME)";
				SWIFT_VERSION = 4.0;
				TARGETED_DEVICE_FAMILY = "1,2";
				TEST_HOST = "$(BUILT_PRODUCTS_DIR)/BCHTornado.app/BCHTornado";
			};
			name = Debug;
		};
		C8E807D1210318FC0029C83C /* Release */ = {
			isa = XCBuildConfiguration;
			baseConfigurationReference = 740C8BFED169A30DEC7C2F90 /* Pods-BCHTornadoTests.release.xcconfig */;
			buildSettings = {
				ALWAYS_EMBED_SWIFT_STANDARD_LIBRARIES = YES;
				BUNDLE_LOADER = "$(TEST_HOST)";
				CODE_SIGN_STYLE = Automatic;
				DEVELOPMENT_TEAM = MCWWM3NKJ6;
				INFOPLIST_FILE = BCHTornadoTests/Info.plist;
				LD_RUNPATH_SEARCH_PATHS = (
					"$(inherited)",
					"@executable_path/Frameworks",
					"@loader_path/Frameworks",
				);
				PRODUCT_BUNDLE_IDENTIFIER = com.hufubit.BCHTornadoTests;
				PRODUCT_NAME = "$(TARGET_NAME)";
				SWIFT_VERSION = 4.0;
				TARGETED_DEVICE_FAMILY = "1,2";
				TEST_HOST = "$(BUILT_PRODUCTS_DIR)/BCHTornado.app/BCHTornado";
			};
			name = Release;
		};
		C8E807D3210318FC0029C83C /* Debug */ = {
			isa = XCBuildConfiguration;
			baseConfigurationReference = 2BC3BC1F49FBDDA2C6F844D3 /* Pods-BCHTornadoUITests.debug.xcconfig */;
			buildSettings = {
				ALWAYS_EMBED_SWIFT_STANDARD_LIBRARIES = YES;
				CODE_SIGN_STYLE = Automatic;
				DEVELOPMENT_TEAM = MCWWM3NKJ6;
				INFOPLIST_FILE = BCHTornadoUITests/Info.plist;
				LD_RUNPATH_SEARCH_PATHS = (
					"$(inherited)",
					"@executable_path/Frameworks",
					"@loader_path/Frameworks",
				);
				PRODUCT_BUNDLE_IDENTIFIER = com.hufubit.BCHTornadoUITests;
				PRODUCT_NAME = "$(TARGET_NAME)";
				SWIFT_VERSION = 4.0;
				TARGETED_DEVICE_FAMILY = "1,2";
				TEST_TARGET_NAME = BCHTornado;
			};
			name = Debug;
		};
		C8E807D4210318FC0029C83C /* Release */ = {
			isa = XCBuildConfiguration;
			baseConfigurationReference = FC7D4F0AA147A903532DF18E /* Pods-BCHTornadoUITests.release.xcconfig */;
			buildSettings = {
				ALWAYS_EMBED_SWIFT_STANDARD_LIBRARIES = YES;
				CODE_SIGN_STYLE = Automatic;
				DEVELOPMENT_TEAM = MCWWM3NKJ6;
				INFOPLIST_FILE = BCHTornadoUITests/Info.plist;
				LD_RUNPATH_SEARCH_PATHS = (
					"$(inherited)",
					"@executable_path/Frameworks",
					"@loader_path/Frameworks",
				);
				PRODUCT_BUNDLE_IDENTIFIER = com.hufubit.BCHTornadoUITests;
				PRODUCT_NAME = "$(TARGET_NAME)";
				SWIFT_VERSION = 4.0;
				TARGETED_DEVICE_FAMILY = "1,2";
				TEST_TARGET_NAME = BCHTornado;
			};
			name = Release;
		};
/* End XCBuildConfiguration section */

/* Begin XCConfigurationList section */
		C8E8079F210318FA0029C83C /* Build configuration list for PBXProject "BCHTornado" */ = {
			isa = XCConfigurationList;
			buildConfigurations = (
				C8E807CA210318FC0029C83C /* Debug */,
				C8E807CB210318FC0029C83C /* Release */,
			);
			defaultConfigurationIsVisible = 0;
			defaultConfigurationName = Release;
		};
		C8E807CC210318FC0029C83C /* Build configuration list for PBXNativeTarget "BCHTornado" */ = {
			isa = XCConfigurationList;
			buildConfigurations = (
				C8E807CD210318FC0029C83C /* Debug */,
				C8E807CE210318FC0029C83C /* Release */,
			);
			defaultConfigurationIsVisible = 0;
			defaultConfigurationName = Release;
		};
		C8E807CF210318FC0029C83C /* Build configuration list for PBXNativeTarget "BCHTornadoTests" */ = {
			isa = XCConfigurationList;
			buildConfigurations = (
				C8E807D0210318FC0029C83C /* Debug */,
				C8E807D1210318FC0029C83C /* Release */,
			);
			defaultConfigurationIsVisible = 0;
			defaultConfigurationName = Release;
		};
		C8E807D2210318FC0029C83C /* Build configuration list for PBXNativeTarget "BCHTornadoUITests" */ = {
			isa = XCConfigurationList;
			buildConfigurations = (
				C8E807D3210318FC0029C83C /* Debug */,
				C8E807D4210318FC0029C83C /* Release */,
			);
			defaultConfigurationIsVisible = 0;
			defaultConfigurationName = Release;
		};
/* End XCConfigurationList section */
	};
	rootObject = C8E8079C210318FA0029C83C /* Project object */;
}
